
Microsoft Visual Studio Solution File, Format Version 10.00
# Visual C++ Express 2008
Project("{8BC9CEB8-8B4A-11D0-8D11-00A0C91BC942}") = "ch14", "ch14.vcproj", "{D9A33F12-08A0-4330-BB8B-B8C6223137DE}"
EndProject
Global
	GlobalSection(SolutionConfigurationPlatforms) = preSolution
		Debug|Win32 = Debug|Win32
		Release|Win32 = Release|Win32
	EndGlobalSection
	GlobalSection(ProjectConfigurationPlatforms) = postSolution
		{D9A33F12-08A0-4330-BB8B-B8C6223137DE}.Debug|Win32.ActiveCfg = Debug|Win32
		{D9A33F12-08A0-4330-BB8B-B8C6223137DE}.Debug|Win32.Build.0 = Debug|Win32
		{D9A33F12-08A0-4330-BB8B-B8C6223137DE}.Release|Win32.ActiveCfg = Release|Win32
		{D9A33F12-08A0-4330-BB8B-B8C6223137DE}.Release|Win32.Build.0 = Release|Win32
	EndGlobalSection
	GlobalSection(SolutionProperties) = preSolution
		HideSolutionNode = FALSE
	EndGlobalSection
EndGlobal
